
Microsoft Visual Studio Solution File, Format Version 12.00
# Visual Studio Version 17
VisualStudioVersion = 17.5.33627.172
MinimumVisualStudioVersion = 10.0.40219.1
Project("{FAE04EC0-301F-11D3-BF4B-00C04F79EFBC}") = "FundamentosCSHARP", "FundamentosCSHARP\FundamentosCSHARP.csproj", "{31DE9A54-B8BB-415E-B489-945A98CBAB52}"
EndProject
Global
	GlobalSection(SolutionConfigurationPlatforms) = preSolution
		Debug|Any CPU = Debug|Any CPU
		Release|Any CPU = Release|Any CPU
	EndGlobalSection
	GlobalSection(ProjectConfigurationPlatforms) = postSolution
		{31DE9A54-B8BB-415E-B489-945A98CBAB52}.Debug|Any CPU.ActiveCfg = Debug|Any CPU
		{31DE9A54-B8BB-415E-B489-945A98CBAB52}.Debug|Any CPU.Build.0 = Debug|Any CPU
		{31DE9A54-B8BB-415E-B489-945A98CBAB52}.Release|Any CPU.ActiveCfg = Release|Any CPU
		{31DE9A54-B8BB-415E-B489-945A98CBAB52}.Release|Any CPU.Build.0 = Release|Any CPU
	EndGlobalSection
	GlobalSection(SolutionProperties) = preSolution
		HideSolutionNode = FALSE
	EndGlobalSection
	GlobalSection(ExtensibilityGlobals) = postSolution
		SolutionGuid = {634AB348-80DA-44D5-916D-69132E5C53BF}
	EndGlobalSection
EndGlobal
